
Microsoft Visual Studio Solution File, Format Version 12.00
# Visual Studio Version 17
VisualStudioVersion = 17.5.33530.505
MinimumVisualStudioVersion = 10.0.40219.1
Project("{FAE04EC0-301F-11D3-BF4B-00C04F79EFBC}") = "Zadanie_warunki_1", "Zadanie_warunki_1\Zadanie_warunki_1.csproj", "{0CB26D2F-C99F-4BA7-A8DD-00B7D103E2CE}"
EndProject
Global
	GlobalSection(SolutionConfigurationPlatforms) = preSolution
		Debug|Any CPU = Debug|Any CPU
		Release|Any CPU = Release|Any CPU
	EndGlobalSection
	GlobalSection(ProjectConfigurationPlatforms) = postSolution
		{0CB26D2F-C99F-4BA7-A8DD-00B7D103E2CE}.Debug|Any CPU.ActiveCfg = Debug|Any CPU
		{0CB26D2F-C99F-4BA7-A8DD-00B7D103E2CE}.Debug|Any CPU.Build.0 = Debug|Any CPU
		{0CB26D2F-C99F-4BA7-A8DD-00B7D103E2CE}.Release|Any CPU.ActiveCfg = Release|Any CPU
		{0CB26D2F-C99F-4BA7-A8DD-00B7D103E2CE}.Release|Any CPU.Build.0 = Release|Any CPU
	EndGlobalSection
	GlobalSection(SolutionProperties) = preSolution
		HideSolutionNode = FALSE
	EndGlobalSection
	GlobalSection(ExtensibilityGlobals) = postSolution
		SolutionGuid = {4A084485-12E0-4639-8524-018086606C9A}
	EndGlobalSection
EndGlobal
